<?xml version="1.0"?>
<CodeBlocks_project_file>
	<FileVersion major="1" minor="6" />
	<Project>
		<Option title="ripple" />
		<Option makefile_is_custom="1" />
		<Option pch_mode="2" />
		<Option compiler="gcc" />
		<Option virtualFolders="addons/;src/;build config/;" />
		<Build>
			<Target title="Debug">
				<Option output="bin/$(PROJECT_NAME)_debug" prefix_auto="1" extension_auto="1" />
				<Option working_dir="bin" />
				<Option object_output="obj/Debug/" />
				<Option external_deps="../../../libs/openFrameworksCompiled/lib/linux64/libopenFrameworksDebug.a;" />
				<Option type="1" />
				<Option compiler="gcc" />
				<Option projectLinkerOptionsRelation="2" />
			</Target>
			<Target title="Release">
				<Option output="bin/$(PROJECT_NAME)" prefix_auto="1" extension_auto="1" />
				<Option working_dir="bin" />
				<Option object_output="obj/Release/" />
				<Option external_deps="../../../libs/openFrameworksCompiled/lib/linux64/libopenFrameworks.a;" />
				<Option type="1" />
				<Option compiler="gcc" />
				<Option projectLinkerOptionsRelation="2" />
			</Target>
		</Build>
		<Unit filename="config.make">
			<Option virtualFolder="build config" />
		</Unit>
		<Unit filename="src/main.cpp">
			<Option virtualFolder="src/" />
		</Unit>
		<Unit filename="src/ofApp.cpp">
			<Option virtualFolder="src/" />
		</Unit>
		<Unit filename="src/ofApp.h">
			<Option virtualFolder="src/" />
		</Unit>
		<Extensions>
			<code_completion />
			<envvars />
			<debugger />
		</Extensions>
		<Unit filename="../../../addons/ofxGLEditor/src/ofxEditorColorScheme.cpp">
			<Option virtualFolder="addons/ofxGLEditor/src" />
		</Unit>
		<Unit filename="../../../addons/ofxGLEditor/src/ofxRepl.h">
			<Option virtualFolder="addons/ofxGLEditor/src" />
		</Unit>
		<Unit filename="../../../addons/ofxGLEditor/src/ofxGLEditor.cpp">
			<Option virtualFolder="addons/ofxGLEditor/src" />
		</Unit>
		<Unit filename="../../../addons/ofxGLEditor/src/ofxEditorFont.h">
			<Option virtualFolder="addons/ofxGLEditor/src" />
		</Unit>
		<Unit filename="../../../addons/ofxGLEditor/src/ofxEditorSettings.cpp">
			<Option virtualFolder="addons/ofxGLEditor/src" />
		</Unit>
		<Unit filename="../../../addons/ofxGLEditor/src/ofxFileDialog.cpp">
			<Option virtualFolder="addons/ofxGLEditor/src" />
		</Unit>
		<Unit filename="../../../addons/ofxGLEditor/src/Unicode.h">
			<Option virtualFolder="addons/ofxGLEditor/src" />
		</Unit>
		<Unit filename="../../../addons/ofxGLEditor/src/ofxRepl.cpp">
			<Option virtualFolder="addons/ofxGLEditor/src" />
		</Unit>
		<Unit filename="../../../addons/ofxGLEditor/src/ofxFileDialog.h">
			<Option virtualFolder="addons/ofxGLEditor/src" />
		</Unit>
		<Unit filename="../../../addons/ofxGLEditor/src/ofxEditor.cpp">
			<Option virtualFolder="addons/ofxGLEditor/src" />
		</Unit>
		<Unit filename="../../../addons/ofxGLEditor/src/Unicode.cpp">
			<Option virtualFolder="addons/ofxGLEditor/src" />
		</Unit>
		<Unit filename="../../../addons/ofxGLEditor/src/ofxEditor.h">
			<Option virtualFolder="addons/ofxGLEditor/src" />
		</Unit>
		<Unit filename="../../../addons/ofxGLEditor/src/ofxGLEditor.h">
			<Option virtualFolder="addons/ofxGLEditor/src" />
		</Unit>
		<Unit filename="../../../addons/ofxGLEditor/src/ofxEditorColorScheme.h">
			<Option virtualFolder="addons/ofxGLEditor/src" />
		</Unit>
		<Unit filename="../../../addons/ofxGLEditor/src/ofxEditorSettings.h">
			<Option virtualFolder="addons/ofxGLEditor/src" />
		</Unit>
		<Unit filename="../../../addons/ofxGLEditor/src/ofxEditorFont.cpp">
			<Option virtualFolder="addons/ofxGLEditor/src" />
		</Unit>
		<Unit filename="../../../addons/ofxGLEditor/libs/fontstash/include/glfontstash.h">
			<Option virtualFolder="addons/ofxGLEditor/libs/fontstash/include" />
		</Unit>
		<Unit filename="../../../addons/ofxGLEditor/libs/fontstash/include/stb_truetype.h">
			<Option virtualFolder="addons/ofxGLEditor/libs/fontstash/include" />
		</Unit>
		<Unit filename="../../../addons/ofxGLEditor/libs/fontstash/include/fontstash.h">
			<Option virtualFolder="addons/ofxGLEditor/libs/fontstash/include" />
		</Unit>
	</Project>
</CodeBlocks_project_file>
